
Microsoft Visual Studio Solution File, Format Version 12.00
# Visual Studio Version 17
VisualStudioVersion = 17.4.33205.214
MinimumVisualStudioVersion = 10.0.40219.1
Project("{FAE04EC0-301F-11D3-BF4B-00C04F79EFBC}") = "fourop", "fourop.csproj", "{4F3E3707-EF94-4D3D-8CFB-E429F206E7DF}"
EndProject
Global
	GlobalSection(SolutionConfigurationPlatforms) = preSolution
		Debug|Any CPU = Debug|Any CPU
		Release|Any CPU = Release|Any CPU
	EndGlobalSection
	GlobalSection(ProjectConfigurationPlatforms) = postSolution
		{4F3E3707-EF94-4D3D-8CFB-E429F206E7DF}.Debug|Any CPU.ActiveCfg = Debug|Any CPU
		{4F3E3707-EF94-4D3D-8CFB-E429F206E7DF}.Debug|Any CPU.Build.0 = Debug|Any CPU
		{4F3E3707-EF94-4D3D-8CFB-E429F206E7DF}.Release|Any CPU.ActiveCfg = Release|Any CPU
		{4F3E3707-EF94-4D3D-8CFB-E429F206E7DF}.Release|Any CPU.Build.0 = Release|Any CPU
	EndGlobalSection
	GlobalSection(SolutionProperties) = preSolution
		HideSolutionNode = FALSE
	EndGlobalSection
	GlobalSection(ExtensibilityGlobals) = postSolution
		SolutionGuid = {98A02C0C-4F83-4752-AEA7-D22DD1367F6B}
	EndGlobalSection
EndGlobal
